// !$*UTF8*$!
{
	archiveVersion = 1;
	classes = {
	};
	objectVersion = 46;
	objects = {

/* Begin PBXBuildFile section */
		36A76D3555909D538F5AA15A /* Pods_fastlaneDemo.framework in Frameworks */ = {isa = PBXBuildFile; fileRef = 31AE598874946A8FEA9E8CFA /* Pods_fastlaneDemo.framework */; };
		630D64401EE69B7D00E12069 /* AppDelegate.swift in Sources */ = {isa = PBXBuildFile; fileRef = 630D643F1EE69B7D00E12069 /* AppDelegate.swift */; };
		630D64421EE69B7D00E12069 /* ViewController.swift in Sources */ = {isa = PBXBuildFile; fileRef = 630D64411EE69B7D00E12069 /* ViewController.swift */; };
		630D64451EE69B7D00E12069 /* Main.storyboard in Resources */ = {isa = PBXBuildFile; fileRef = 630D64431EE69B7D00E12069 /* Main.storyboard */; };
		630D64471EE69B7D00E12069 /* Assets.xcassets in Resources */ = {isa = PBXBuildFile; fileRef = 630D64461EE69B7D00E12069 /* Assets.xcassets */; };
		630D644A1EE69B7D00E12069 /* LaunchScreen.storyboard in Resources */ = {isa = PBXBuildFile; fileRef = 630D64481EE69B7D00E12069 /* LaunchScreen.storyboard */; };
		630D64531EE69CD100E12069 /* FastlaneTest-info.plist in Resources */ = {isa = PBXBuildFile; fileRef = 630D64521EE69CD100E12069 /* FastlaneTest-info.plist */; };
/* End PBXBuildFile section */

/* Begin PBXFileReference section */
		31AE598874946A8FEA9E8CFA /* Pods_fastlaneDemo.framework */ = {isa = PBXFileReference; explicitFileType = wrapper.framework; includeInIndex = 0; path = Pods_fastlaneDemo.framework; sourceTree = BUILT_PRODUCTS_DIR; };
		62DD48B85D245AC83B20CF14 /* Pods-fastlaneDemo.debug.xcconfig */ = {isa = PBXFileReference; includeInIndex = 1; lastKnownFileType = text.xcconfig; name = "Pods-fastlaneDemo.debug.xcconfig"; path = "Pods/Target Support Files/Pods-fastlaneDemo/Pods-fastlaneDemo.debug.xcconfig"; sourceTree = "<group>"; };
		630D643C1EE69B7D00E12069 /* fastlaneDemo.app */ = {isa = PBXFileReference; explicitFileType = wrapper.application; includeInIndex = 0; path = fastlaneDemo.app; sourceTree = BUILT_PRODUCTS_DIR; };
		630D643F1EE69B7D00E12069 /* AppDelegate.swift */ = {isa = PBXFileReference; lastKnownFileType = sourcecode.swift; path = AppDelegate.swift; sourceTree = "<group>"; };
		630D64411EE69B7D00E12069 /* ViewController.swift */ = {isa = PBXFileReference; lastKnownFileType = sourcecode.swift; path = ViewController.swift; sourceTree = "<group>"; };
		630D64441EE69B7D00E12069 /* Base */ = {isa = PBXFileReference; lastKnownFileType = file.storyboard; name = Base; path = Base.lproj/Main.storyboard; sourceTree = "<group>"; };
		630D64461EE69B7D00E12069 /* Assets.xcassets */ = {isa = PBXFileReference; lastKnownFileType = folder.assetcatalog; path = Assets.xcassets; sourceTree = "<group>"; };
		630D64491EE69B7D00E12069 /* Base */ = {isa = PBXFileReference; lastKnownFileType = file.storyboard; name = Base; path = Base.lproj/LaunchScreen.storyboard; sourceTree = "<group>"; };
		630D644B1EE69B7D00E12069 /* Info.plist */ = {isa = PBXFileReference; lastKnownFileType = text.plist.xml; path = Info.plist; sourceTree = "<group>"; };
		630D64521EE69CD100E12069 /* FastlaneTest-info.plist */ = {isa = PBXFileReference; fileEncoding = 4; lastKnownFileType = text.plist.xml; path = "FastlaneTest-info.plist"; sourceTree = "<group>"; };
		ADA0F0EF6267FA278BC32BE5 /* Pods-fastlaneDemo.release.xcconfig */ = {isa = PBXFileReference; includeInIndex = 1; lastKnownFileType = text.xcconfig; name = "Pods-fastlaneDemo.release.xcconfig"; path = "Pods/Target Support Files/Pods-fastlaneDemo/Pods-fastlaneDemo.release.xcconfig"; sourceTree = "<group>"; };
/* End PBXFileReference section */

/* Begin PBXFrameworksBuildPhase section */
		630D64391EE69B7D00E12069 /* Frameworks */ = {
			isa = PBXFrameworksBuildPhase;
			buildActionMask = 2147483647;
			files = (
				36A76D3555909D538F5AA15A /* Pods_fastlaneDemo.framework in Frameworks */,
			);
			runOnlyForDeploymentPostprocessing = 0;
		};
/* End PBXFrameworksBuildPhase section */

/* Begin PBXGroup section */
		630D64331EE69B7D00E12069 = {
			isa = PBXGroup;
			children = (
				630D643E1EE69B7D00E12069 /* fastlaneDemo */,
				630D643D1EE69B7D00E12069 /* Products */,
				85DA59E1E7DF2BC88DA7CE47 /* Pods */,
				EE38345D7348F26D76FD523A /* Frameworks */,
			);
			sourceTree = "<group>";
		};
		630D643D1EE69B7D00E12069 /* Products */ = {
			isa = PBXGroup;
			children = (
				630D643C1EE69B7D00E12069 /* fastlaneDemo.app */,
			);
			name = Products;
			sourceTree = "<group>";
		};
		630D643E1EE69B7D00E12069 /* fastlaneDemo */ = {
			isa = PBXGroup;
			children = (
				630D64511EE69C7900E12069 /* Config */,
				630D643F1EE69B7D00E12069 /* AppDelegate.swift */,
				630D64411EE69B7D00E12069 /* ViewController.swift */,
				630D64431EE69B7D00E12069 /* Main.storyboard */,
				630D64461EE69B7D00E12069 /* Assets.xcassets */,
				630D64481EE69B7D00E12069 /* LaunchScreen.storyboard */,
				630D644B1EE69B7D00E12069 /* Info.plist */,
			);
			path = fastlaneDemo;
			sourceTree = "<group>";
		};
		630D64511EE69C7900E12069 /* Config */ = {
			isa = PBXGroup;
			children = (
				630D64521EE69CD100E12069 /* FastlaneTest-info.plist */,
			);
			path = Config;
			sourceTree = "<group>";
		};
		85DA59E1E7DF2BC88DA7CE47 /* Pods */ = {
			isa = PBXGroup;
			children = (
				62DD48B85D245AC83B20CF14 /* Pods-fastlaneDemo.debug.xcconfig */,
				ADA0F0EF6267FA278BC32BE5 /* Pods-fastlaneDemo.release.xcconfig */,
			);
			name = Pods;
			sourceTree = "<group>";
		};
		EE38345D7348F26D76FD523A /* Frameworks */ = {
			isa = PBXGroup;
			children = (
				31AE598874946A8FEA9E8CFA /* Pods_fastlaneDemo.framework */,
			);
			name = Frameworks;
			sourceTree = "<group>";
		};
/* End PBXGroup section */

/* Begin PBXNativeTarget section */
		630D643B1EE69B7D00E12069 /* fastlaneDemo */ = {
			isa = PBXNativeTarget;
			buildConfigurationList = 630D644E1EE69B7D00E12069 /* Build configuration list for PBXNativeTarget "fastlaneDemo" */;
			buildPhases = (
				65F14A7CDA929215D18CBE0C /* [CP] Check Pods Manifest.lock */,
				630D64381EE69B7D00E12069 /* Sources */,
				630D64391EE69B7D00E12069 /* Frameworks */,
				630D643A1EE69B7D00E12069 /* Resources */,
				667D77D9FFBB15F1251181C4 /* [CP] Embed Pods Frameworks */,
				2F3EB586489BE1C6DAFE8309 /* [CP] Copy Pods Resources */,
			);
			buildRules = (
			);
			dependencies = (
			);
			name = fastlaneDemo;
			productName = fastlaneDemo;
			productReference = 630D643C1EE69B7D00E12069 /* fastlaneDemo.app */;
			productType = "com.apple.product-type.application";
		};
/* End PBXNativeTarget section */

/* Begin PBXProject section */
		630D64341EE69B7D00E12069 /* Project object */ = {
			isa = PBXProject;
			attributes = {
				LastSwiftUpdateCheck = 0830;
				LastUpgradeCheck = 0830;
				ORGANIZATIONNAME = YJHou;
				TargetAttributes = {
					630D643B1EE69B7D00E12069 = {
						CreatedOnToolsVersion = 8.3.1;
						DevelopmentTeam = 56A4HH9WHM;
						ProvisioningStyle = Automatic;
					};
				};
			};
			buildConfigurationList = 630D64371EE69B7D00E12069 /* Build configuration list for PBXProject "fastlaneDemo" */;
			compatibilityVersion = "Xcode 3.2";
			developmentRegion = English;
			hasScannedForEncodings = 0;
			knownRegions = (
				en,
				Base,
			);
			mainGroup = 630D64331EE69B7D00E12069;
			productRefGroup = 630D643D1EE69B7D00E12069 /* Products */;
			projectDirPath = "";
			projectRoot = "";
			targets = (
				630D643B1EE69B7D00E12069 /* fastlaneDemo */,
			);
		};
/* End PBXProject section */

/* Begin PBXResourcesBuildPhase section */
		630D643A1EE69B7D00E12069 /* Resources */ = {
			isa = PBXResourcesBuildPhase;
			buildActionMask = 2147483647;
			files = (
				630D64531EE69CD100E12069 /* FastlaneTest-info.plist in Resources */,
				630D644A1EE69B7D00E12069 /* LaunchScreen.storyboard in Resources */,
				630D64471EE69B7D00E12069 /* Assets.xcassets in Resources */,
				630D64451EE69B7D00E12069 /* Main.storyboard in Resources */,
			);
			runOnlyForDeploymentPostprocessing = 0;
		};
/* End PBXResourcesBuildPhase section */

/* Begin PBXShellScriptBuildPhase section */
		2F3EB586489BE1C6DAFE8309 /* [CP] Copy Pods Resources */ = {
			isa = PBXShellScriptBuildPhase;
			buildActionMask = 2147483647;
			files = (
			);
			inputPaths = (
			);
			name = "[CP] Copy Pods Resources";
			outputPaths = (
			);
			runOnlyForDeploymentPostprocessing = 0;
			shellPath = /bin/sh;
			shellScript = "\"${SRCROOT}/Pods/Target Support Files/Pods-fastlaneDemo/Pods-fastlaneDemo-resources.sh\"\n";
			showEnvVarsInLog = 0;
		};
		65F14A7CDA929215D18CBE0C /* [CP] Check Pods Manifest.lock */ = {
			isa = PBXShellScriptBuildPhase;
			buildActionMask = 2147483647;
			files = (
			);
			inputPaths = (
			);
			name = "[CP] Check Pods Manifest.lock";
			outputPaths = (
			);
			runOnlyForDeploymentPostprocessing = 0;
			shellPath = /bin/sh;
			shellScript = "diff \"${PODS_PODFILE_DIR_PATH}/Podfile.lock\" \"${PODS_ROOT}/Manifest.lock\" > /dev/null\nif [ $? != 0 ] ; then\n    # print error to STDERR\n    echo \"error: The sandbox is not in sync with the Podfile.lock. Run 'pod install' or update your CocoaPods installation.\" >&2\n    exit 1\nfi\n";
			showEnvVarsInLog = 0;
		};
		667D77D9FFBB15F1251181C4 /* [CP] Embed Pods Frameworks */ = {
			isa = PBXShellScriptBuildPhase;
			buildActionMask = 2147483647;
			files = (
			);
			inputPaths = (
			);
			name = "[CP] Embed Pods Frameworks";
			outputPaths = (
			);
			runOnlyForDeploymentPostprocessing = 0;
			shellPath = /bin/sh;
			shellScript = "\"${SRCROOT}/Pods/Target Support Files/Pods-fastlaneDemo/Pods-fastlaneDemo-frameworks.sh\"\n";
			showEnvVarsInLog = 0;
		};
/* End PBXShellScriptBuildPhase section */

/* Begin PBXSourcesBuildPhase section */
		630D64381EE69B7D00E12069 /* Sources */ = {
			isa = PBXSourcesBuildPhase;
			buildActionMask = 2147483647;
			files = (
				630D64421EE69B7D00E12069 /* ViewController.swift in Sources */,
				630D64401EE69B7D00E12069 /* AppDelegate.swift in Sources */,
			);
			runOnlyForDeploymentPostprocessing = 0;
		};
/* End PBXSourcesBuildPhase section */

/* Begin PBXVariantGroup section */
		630D64431EE69B7D00E12069 /* Main.storyboard */ = {
			isa = PBXVariantGroup;
			children = (
				630D64441EE69B7D00E12069 /* Base */,
			);
			name = Main.storyboard;
			sourceTree = "<group>";
		};
		630D64481EE69B7D00E12069 /* LaunchScreen.storyboard */ = {
			isa = PBXVariantGroup;
			children = (
				630D64491EE69B7D00E12069 /* Base */,
			);
			name = LaunchScreen.storyboard;
			sourceTree = "<group>";
		};
/* End PBXVariantGroup section */

/* Begin XCBuildConfiguration section */
		630D644C1EE69B7D00E12069 /* Debug */ = {
			isa = XCBuildConfiguration;
			buildSettings = {
				ALWAYS_SEARCH_USER_PATHS = NO;
				CLANG_ANALYZER_NONNULL = YES;
				CLANG_ANALYZER_NUMBER_OBJECT_CONVERSION = YES_AGGRESSIVE;
				CLANG_CXX_LANGUAGE_STANDARD = "gnu++0x";
				CLANG_CXX_LIBRARY = "libc++";
				CLANG_ENABLE_MODULES = YES;
				CLANG_ENABLE_OBJC_ARC = YES;
				CLANG_WARN_BOOL_CONVERSION = YES;
				CLANG_WARN_CONSTANT_CONVERSION = YES;
				CLANG_WARN_DIRECT_OBJC_ISA_USAGE = YES_ERROR;
				CLANG_WARN_DOCUMENTATION_COMMENTS = YES;
				CLANG_WARN_EMPTY_BODY = YES;
				CLANG_WARN_ENUM_CONVERSION = YES;
				CLANG_WARN_INFINITE_RECURSION = YES;
				CLANG_WARN_INT_CONVERSION = YES;
				CLANG_WARN_OBJC_ROOT_CLASS = YES_ERROR;
				CLANG_WARN_SUSPICIOUS_MOVE = YES;
				CLANG_WARN_UNREACHABLE_CODE = YES;
				CLANG_WARN__DUPLICATE_METHOD_MATCH = YES;
				"CODE_SIGN_IDENTITY[sdk=iphoneos*]" = "iPhone Developer";
				COPY_PHASE_STRIP = NO;
				DEBUG_INFORMATION_FORMAT = dwarf;
				ENABLE_STRICT_OBJC_MSGSEND = YES;
				ENABLE_TESTABILITY = YES;
				GCC_C_LANGUAGE_STANDARD = gnu99;
				GCC_DYNAMIC_NO_PIC = NO;
				GCC_NO_COMMON_BLOCKS = YES;
				GCC_OPTIMIZATION_LEVEL = 0;
				GCC_PREPROCESSOR_DEFINITIONS = (
					"DEBUG=1",
					"$(inherited)",
				);
				GCC_WARN_64_TO_32_BIT_CONVERSION = YES;
				GCC_WARN_ABOUT_RETURN_TYPE = YES_ERROR;
				GCC_WARN_UNDECLARED_SELECTOR = YES;
				GCC_WARN_UNINITIALIZED_AUTOS = YES_AGGRESSIVE;
				GCC_WARN_UNUSED_FUNCTION = YES;
				GCC_WARN_UNUSED_VARIABLE = YES;
				IPHONEOS_DEPLOYMENT_TARGET = 10.3;
				MTL_ENABLE_DEBUG_INFO = YES;
				ONLY_ACTIVE_ARCH = YES;
				SDKROOT = iphoneos;
				SWIFT_ACTIVE_COMPILATION_CONDITIONS = DEBUG;
				SWIFT_OPTIMIZATION_LEVEL = "-Onone";
			};
			name = Debug;
		};
		630D644D1EE69B7D00E12069 /* Release */ = {
			isa = XCBuildConfiguration;
			buildSettings = {
				ALWAYS_SEARCH_USER_PATHS = NO;
				CLANG_ANALYZER_NONNULL = YES;
				CLANG_ANALYZER_NUMBER_OBJECT_CONVERSION = YES_AGGRESSIVE;
				CLANG_CXX_LANGUAGE_STANDARD = "gnu++0x";
				CLANG_CXX_LIBRARY = "libc++";
				CLANG_ENABLE_MODULES = YES;
				CLANG_ENABLE_OBJC_ARC = YES;
				CLANG_WARN_BOOL_CONVERSION = YES;
				CLANG_WARN_CONSTANT_CONVERSION = YES;
				CLANG_WARN_DIRECT_OBJC_ISA_USAGE = YES_ERROR;
				CLANG_WARN_DOCUMENTATION_COMMENTS = YES;
				CLANG_WARN_EMPTY_BODY = YES;
				CLANG_WARN_ENUM_CONVERSION = YES;
				CLANG_WARN_INFINITE_RECURSION = YES;
				CLANG_WARN_INT_CONVERSION = YES;
				CLANG_WARN_OBJC_ROOT_CLASS = YES_ERROR;
				CLANG_WARN_SUSPICIOUS_MOVE = YES;
				CLANG_WARN_UNREACHABLE_CODE = YES;
				CLANG_WARN__DUPLICATE_METHOD_MATCH = YES;
				"CODE_SIGN_IDENTITY[sdk=iphoneos*]" = "iPhone Developer";
				COPY_PHASE_STRIP = NO;
				DEBUG_INFORMATION_FORMAT = "dwarf-with-dsym";
				ENABLE_NS_ASSERTIONS = NO;
				ENABLE_STRICT_OBJC_MSGSEND = YES;
				GCC_C_LANGUAGE_STANDARD = gnu99;
				GCC_NO_COMMON_BLOCKS = YES;
				GCC_WARN_64_TO_32_BIT_CONVERSION = YES;
				GCC_WARN_ABOUT_RETURN_TYPE = YES_ERROR;
				GCC_WARN_UNDECLARED_SELECTOR = YES;
				GCC_WARN_UNINITIALIZED_AUTOS = YES_AGGRESSIVE;
				GCC_WARN_UNUSED_FUNCTION = YES;
				GCC_WARN_UNUSED_VARIABLE = YES;
				IPHONEOS_DEPLOYMENT_TARGET = 10.3;
				MTL_ENABLE_DEBUG_INFO = NO;
				SDKROOT = iphoneos;
				SWIFT_OPTIMIZATION_LEVEL = "-Owholemodule";
				VALIDATE_PRODUCT = YES;
			};
			name = Release;
		};
		630D644F1EE69B7D00E12069 /* Debug */ = {
			isa = XCBuildConfiguration;
			baseConfigurationReference = 62DD48B85D245AC83B20CF14 /* Pods-fastlaneDemo.debug.xcconfig */;
			buildSettings = {
				ASSETCATALOG_COMPILER_APPICON_NAME = AppIcon;
				"CODE_SIGN_IDENTITY[sdk=iphoneos*]" = "iPhone Developer";
				DEVELOPMENT_TEAM = 56A4HH9WHM;
				INFOPLIST_FILE = fastlaneDemo/Info.plist;
				IPHONEOS_DEPLOYMENT_TARGET = 8.0;
				LD_RUNPATH_SEARCH_PATHS = "$(inherited) @executable_path/Frameworks";
				PRODUCT_BUNDLE_IDENTIFIER = com.rogrand.enterprise.myclinic;
				PRODUCT_NAME = "$(TARGET_NAME)";
				PROVISIONING_PROFILE_SPECIFIER = "";
				SWIFT_VERSION = 3.0;
			};
			name = Debug;
		};
		630D64501EE69B7D00E12069 /* Release */ = {
			isa = XCBuildConfiguration;
			baseConfigurationReference = ADA0F0EF6267FA278BC32BE5 /* Pods-fastlaneDemo.release.xcconfig */;
			buildSettings = {
				ASSETCATALOG_COMPILER_APPICON_NAME = AppIcon;
				"CODE_SIGN_IDENTITY[sdk=iphoneos*]" = "iPhone Developer";
				DEVELOPMENT_TEAM = 56A4HH9WHM;
				INFOPLIST_FILE = fastlaneDemo/Info.plist;
				IPHONEOS_DEPLOYMENT_TARGET = 8.0;
				LD_RUNPATH_SEARCH_PATHS = "$(inherited) @executable_path/Frameworks";
				PRODUCT_BUNDLE_IDENTIFIER = com.rogrand.enterprise.myclinic;
				PRODUCT_NAME = "$(TARGET_NAME)";
				PROVISIONING_PROFILE_SPECIFIER = "";
				SWIFT_VERSION = 3.0;
			};
			name = Release;
		};
/* End XCBuildConfiguration section */

/* Begin XCConfigurationList section */
		630D64371EE69B7D00E12069 /* Build configuration list for PBXProject "fastlaneDemo" */ = {
			isa = XCConfigurationList;
			buildConfigurations = (
				630D644C1EE69B7D00E12069 /* Debug */,
				630D644D1EE69B7D00E12069 /* Release */,
			);
			defaultConfigurationIsVisible = 0;
			defaultConfigurationName = Release;
		};
		630D644E1EE69B7D00E12069 /* Build configuration list for PBXNativeTarget "fastlaneDemo" */ = {
			isa = XCConfigurationList;
			buildConfigurations = (
				630D644F1EE69B7D00E12069 /* Debug */,
				630D64501EE69B7D00E12069 /* Release */,
			);
			defaultConfigurationIsVisible = 0;
			defaultConfigurationName = Release;
		};
/* End XCConfigurationList section */
	};
	rootObject = 630D64341EE69B7D00E12069 /* Project object */;
}
