// !$*UTF8*$!
{
	archiveVersion = 1;
	classes = {
	};
	objectVersion = 46;
	objects = {

/* Begin PBXBuildFile section */
		2C1363B7A7AD50E81A843DFA /* Pods_FastlaneDemoAppstore.framework in Frameworks */ = {isa = PBXBuildFile; fileRef = BC689F7B07F8D050D3A53DCF /* Pods_FastlaneDemoAppstore.framework */; };
		630D64591EE69F5E00E12069 /* MainViewController.swift in Sources */ = {isa = PBXBuildFile; fileRef = 630D64541EE69D5600E12069 /* MainViewController.swift */; };
		630D645A1EE69F5E00E12069 /* AppDelegate.swift in Sources */ = {isa = PBXBuildFile; fileRef = 630D643F1EE69B7D00E12069 /* AppDelegate.swift */; };
		630D645C1EE69F5E00E12069 /* Pods_fastlaneDemo.framework in Frameworks */ = {isa = PBXBuildFile; fileRef = 31AE598874946A8FEA9E8CFA /* Pods_fastlaneDemo.framework */; };
		630D645F1EE69F5E00E12069 /* LaunchScreen.storyboard in Resources */ = {isa = PBXBuildFile; fileRef = 630D64481EE69B7D00E12069 /* LaunchScreen.storyboard */; };
		630D64601EE69F5E00E12069 /* Assets.xcassets in Resources */ = {isa = PBXBuildFile; fileRef = 630D64461EE69B7D00E12069 /* Assets.xcassets */; };
		630D64611EE69F5E00E12069 /* Main.storyboard in Resources */ = {isa = PBXBuildFile; fileRef = 630D64431EE69B7D00E12069 /* Main.storyboard */; };
		630D646C1EE69F7300E12069 /* MainViewController.swift in Sources */ = {isa = PBXBuildFile; fileRef = 630D64541EE69D5600E12069 /* MainViewController.swift */; };
		630D646D1EE69F7300E12069 /* AppDelegate.swift in Sources */ = {isa = PBXBuildFile; fileRef = 630D643F1EE69B7D00E12069 /* AppDelegate.swift */; };
		630D646F1EE69F7300E12069 /* Pods_fastlaneDemo.framework in Frameworks */ = {isa = PBXBuildFile; fileRef = 31AE598874946A8FEA9E8CFA /* Pods_fastlaneDemo.framework */; };
		630D64721EE69F7300E12069 /* LaunchScreen.storyboard in Resources */ = {isa = PBXBuildFile; fileRef = 630D64481EE69B7D00E12069 /* LaunchScreen.storyboard */; };
		630D64731EE69F7300E12069 /* Assets.xcassets in Resources */ = {isa = PBXBuildFile; fileRef = 630D64461EE69B7D00E12069 /* Assets.xcassets */; };
		630D64741EE69F7300E12069 /* Main.storyboard in Resources */ = {isa = PBXBuildFile; fileRef = 630D64431EE69B7D00E12069 /* Main.storyboard */; };
		D3DF06BB16FDEFEF81E3B84A /* Pods_FastlaneDemoTest.framework in Frameworks */ = {isa = PBXBuildFile; fileRef = C55B69AB6D42EB159E2054AF /* Pods_FastlaneDemoTest.framework */; };
/* End PBXBuildFile section */

/* Begin PBXFileReference section */
		31AE598874946A8FEA9E8CFA /* Pods_fastlaneDemo.framework */ = {isa = PBXFileReference; explicitFileType = wrapper.framework; includeInIndex = 0; path = Pods_fastlaneDemo.framework; sourceTree = BUILT_PRODUCTS_DIR; };
		4747C07232F0C9CF8CEAD5FD /* Pods-FastlaneDemoAppstore.release.xcconfig */ = {isa = PBXFileReference; includeInIndex = 1; lastKnownFileType = text.xcconfig; name = "Pods-FastlaneDemoAppstore.release.xcconfig"; path = "Pods/Target Support Files/Pods-FastlaneDemoAppstore/Pods-FastlaneDemoAppstore.release.xcconfig"; sourceTree = "<group>"; };
		630D643F1EE69B7D00E12069 /* AppDelegate.swift */ = {isa = PBXFileReference; lastKnownFileType = sourcecode.swift; path = AppDelegate.swift; sourceTree = "<group>"; };
		630D64441EE69B7D00E12069 /* Base */ = {isa = PBXFileReference; lastKnownFileType = file.storyboard; name = Base; path = Base.lproj/Main.storyboard; sourceTree = "<group>"; };
		630D64461EE69B7D00E12069 /* Assets.xcassets */ = {isa = PBXFileReference; lastKnownFileType = folder.assetcatalog; path = Assets.xcassets; sourceTree = "<group>"; };
		630D64491EE69B7D00E12069 /* Base */ = {isa = PBXFileReference; lastKnownFileType = file.storyboard; name = Base; path = Base.lproj/LaunchScreen.storyboard; sourceTree = "<group>"; };
		630D64541EE69D5600E12069 /* MainViewController.swift */ = {isa = PBXFileReference; fileEncoding = 4; lastKnownFileType = sourcecode.swift; path = MainViewController.swift; sourceTree = "<group>"; };
		630D64671EE69F5E00E12069 /* FastlaneDemoTest.app */ = {isa = PBXFileReference; explicitFileType = wrapper.application; includeInIndex = 0; path = FastlaneDemoTest.app; sourceTree = BUILT_PRODUCTS_DIR; };
		630D647A1EE69F7300E12069 /* FastlaneDemoAppstore.app */ = {isa = PBXFileReference; explicitFileType = wrapper.application; includeInIndex = 0; path = FastlaneDemoAppstore.app; sourceTree = BUILT_PRODUCTS_DIR; };
		630D647C1EE6A04B00E12069 /* FastlaneDemoAppstore-Info.plist */ = {isa = PBXFileReference; fileEncoding = 4; lastKnownFileType = text.plist.xml; path = "FastlaneDemoAppstore-Info.plist"; sourceTree = "<group>"; };
		630D647E1EE6A05600E12069 /* FastlaneDemoTest-Info.plist */ = {isa = PBXFileReference; fileEncoding = 4; lastKnownFileType = text.plist.xml; path = "FastlaneDemoTest-Info.plist"; sourceTree = "<group>"; };
		9A0B5FBE16C517CDEFFF1488 /* Pods-FastlaneDemoTest.release.xcconfig */ = {isa = PBXFileReference; includeInIndex = 1; lastKnownFileType = text.xcconfig; name = "Pods-FastlaneDemoTest.release.xcconfig"; path = "Pods/Target Support Files/Pods-FastlaneDemoTest/Pods-FastlaneDemoTest.release.xcconfig"; sourceTree = "<group>"; };
		BC689F7B07F8D050D3A53DCF /* Pods_FastlaneDemoAppstore.framework */ = {isa = PBXFileReference; explicitFileType = wrapper.framework; includeInIndex = 0; path = Pods_FastlaneDemoAppstore.framework; sourceTree = BUILT_PRODUCTS_DIR; };
		C55B69AB6D42EB159E2054AF /* Pods_FastlaneDemoTest.framework */ = {isa = PBXFileReference; explicitFileType = wrapper.framework; includeInIndex = 0; path = Pods_FastlaneDemoTest.framework; sourceTree = BUILT_PRODUCTS_DIR; };
		D126F02221C573C9249A1C32 /* Pods-FastlaneDemoAppstore.debug.xcconfig */ = {isa = PBXFileReference; includeInIndex = 1; lastKnownFileType = text.xcconfig; name = "Pods-FastlaneDemoAppstore.debug.xcconfig"; path = "Pods/Target Support Files/Pods-FastlaneDemoAppstore/Pods-FastlaneDemoAppstore.debug.xcconfig"; sourceTree = "<group>"; };
		F07F16594DA770B6961B7C5B /* Pods-FastlaneDemoTest.debug.xcconfig */ = {isa = PBXFileReference; includeInIndex = 1; lastKnownFileType = text.xcconfig; name = "Pods-FastlaneDemoTest.debug.xcconfig"; path = "Pods/Target Support Files/Pods-FastlaneDemoTest/Pods-FastlaneDemoTest.debug.xcconfig"; sourceTree = "<group>"; };
/* End PBXFileReference section */

/* Begin PBXFrameworksBuildPhase section */
		630D645B1EE69F5E00E12069 /* Frameworks */ = {
			isa = PBXFrameworksBuildPhase;
			buildActionMask = 2147483647;
			files = (
				630D645C1EE69F5E00E12069 /* Pods_fastlaneDemo.framework in Frameworks */,
				D3DF06BB16FDEFEF81E3B84A /* Pods_FastlaneDemoTest.framework in Frameworks */,
			);
			runOnlyForDeploymentPostprocessing = 0;
		};
		630D646E1EE69F7300E12069 /* Frameworks */ = {
			isa = PBXFrameworksBuildPhase;
			buildActionMask = 2147483647;
			files = (
				630D646F1EE69F7300E12069 /* Pods_fastlaneDemo.framework in Frameworks */,
				2C1363B7A7AD50E81A843DFA /* Pods_FastlaneDemoAppstore.framework in Frameworks */,
			);
			runOnlyForDeploymentPostprocessing = 0;
		};
/* End PBXFrameworksBuildPhase section */

/* Begin PBXGroup section */
		630D64331EE69B7D00E12069 = {
			isa = PBXGroup;
			children = (
				630D643E1EE69B7D00E12069 /* fastlaneDemo */,
				630D643D1EE69B7D00E12069 /* Products */,
				85DA59E1E7DF2BC88DA7CE47 /* Pods */,
				EE38345D7348F26D76FD523A /* Frameworks */,
			);
			sourceTree = "<group>";
		};
		630D643D1EE69B7D00E12069 /* Products */ = {
			isa = PBXGroup;
			children = (
				630D64671EE69F5E00E12069 /* FastlaneDemoTest.app */,
				630D647A1EE69F7300E12069 /* FastlaneDemoAppstore.app */,
			);
			name = Products;
			sourceTree = "<group>";
		};
		630D643E1EE69B7D00E12069 /* fastlaneDemo */ = {
			isa = PBXGroup;
			children = (
				630D64511EE69C7900E12069 /* Config */,
				630D643F1EE69B7D00E12069 /* AppDelegate.swift */,
				630D64541EE69D5600E12069 /* MainViewController.swift */,
				630D64431EE69B7D00E12069 /* Main.storyboard */,
				630D64461EE69B7D00E12069 /* Assets.xcassets */,
				630D64481EE69B7D00E12069 /* LaunchScreen.storyboard */,
			);
			path = fastlaneDemo;
			sourceTree = "<group>";
		};
		630D64511EE69C7900E12069 /* Config */ = {
			isa = PBXGroup;
			children = (
				630D647E1EE6A05600E12069 /* FastlaneDemoTest-Info.plist */,
				630D647C1EE6A04B00E12069 /* FastlaneDemoAppstore-Info.plist */,
			);
			path = Config;
			sourceTree = "<group>";
		};
		85DA59E1E7DF2BC88DA7CE47 /* Pods */ = {
			isa = PBXGroup;
			children = (
				D126F02221C573C9249A1C32 /* Pods-FastlaneDemoAppstore.debug.xcconfig */,
				4747C07232F0C9CF8CEAD5FD /* Pods-FastlaneDemoAppstore.release.xcconfig */,
				F07F16594DA770B6961B7C5B /* Pods-FastlaneDemoTest.debug.xcconfig */,
				9A0B5FBE16C517CDEFFF1488 /* Pods-FastlaneDemoTest.release.xcconfig */,
			);
			name = Pods;
			sourceTree = "<group>";
		};
		EE38345D7348F26D76FD523A /* Frameworks */ = {
			isa = PBXGroup;
			children = (
				31AE598874946A8FEA9E8CFA /* Pods_fastlaneDemo.framework */,
				BC689F7B07F8D050D3A53DCF /* Pods_FastlaneDemoAppstore.framework */,
				C55B69AB6D42EB159E2054AF /* Pods_FastlaneDemoTest.framework */,
			);
			name = Frameworks;
			sourceTree = "<group>";
		};
/* End PBXGroup section */

/* Begin PBXNativeTarget section */
		630D64561EE69F5E00E12069 /* FastlaneDemoTest */ = {
			isa = PBXNativeTarget;
			buildConfigurationList = 630D64641EE69F5E00E12069 /* Build configuration list for PBXNativeTarget "FastlaneDemoTest" */;
			buildPhases = (
				630D64571EE69F5E00E12069 /* [CP] Check Pods Manifest.lock */,
				630D64581EE69F5E00E12069 /* Sources */,
				630D645B1EE69F5E00E12069 /* Frameworks */,
				630D645D1EE69F5E00E12069 /* Resources */,
				630D64621EE69F5E00E12069 /* [CP] Embed Pods Frameworks */,
				630D64631EE69F5E00E12069 /* [CP] Copy Pods Resources */,
			);
			buildRules = (
			);
			dependencies = (
			);
			name = FastlaneDemoTest;
			productName = fastlaneDemo;
			productReference = 630D64671EE69F5E00E12069 /* FastlaneDemoTest.app */;
			productType = "com.apple.product-type.application";
		};
		630D64691EE69F7300E12069 /* FastlaneDemoAppstore */ = {
			isa = PBXNativeTarget;
			buildConfigurationList = 630D64771EE69F7300E12069 /* Build configuration list for PBXNativeTarget "FastlaneDemoAppstore" */;
			buildPhases = (
				630D646A1EE69F7300E12069 /* [CP] Check Pods Manifest.lock */,
				630D646B1EE69F7300E12069 /* Sources */,
				630D646E1EE69F7300E12069 /* Frameworks */,
				630D64701EE69F7300E12069 /* Resources */,
				630D64751EE69F7300E12069 /* [CP] Embed Pods Frameworks */,
				630D64761EE69F7300E12069 /* [CP] Copy Pods Resources */,
			);
			buildRules = (
			);
			dependencies = (
			);
			name = FastlaneDemoAppstore;
			productName = fastlaneDemo;
			productReference = 630D647A1EE69F7300E12069 /* FastlaneDemoAppstore.app */;
			productType = "com.apple.product-type.application";
		};
/* End PBXNativeTarget section */

/* Begin PBXProject section */
		630D64341EE69B7D00E12069 /* Project object */ = {
			isa = PBXProject;
			attributes = {
				LastSwiftUpdateCheck = 0830;
				LastUpgradeCheck = 0830;
				ORGANIZATIONNAME = YJHou;
				TargetAttributes = {
					630D64561EE69F5E00E12069 = {
						DevelopmentTeam = 56A4HH9WHM;
					};
					630D64691EE69F7300E12069 = {
						DevelopmentTeam = 56A4HH9WHM;
					};
				};
			};
			buildConfigurationList = 630D64371EE69B7D00E12069 /* Build configuration list for PBXProject "fastlaneDemo" */;
			compatibilityVersion = "Xcode 3.2";
			developmentRegion = English;
			hasScannedForEncodings = 0;
			knownRegions = (
				en,
				Base,
			);
			mainGroup = 630D64331EE69B7D00E12069;
			productRefGroup = 630D643D1EE69B7D00E12069 /* Products */;
			projectDirPath = "";
			projectRoot = "";
			targets = (
				630D64561EE69F5E00E12069 /* FastlaneDemoTest */,
				630D64691EE69F7300E12069 /* FastlaneDemoAppstore */,
			);
		};
/* End PBXProject section */

/* Begin PBXResourcesBuildPhase section */
		630D645D1EE69F5E00E12069 /* Resources */ = {
			isa = PBXResourcesBuildPhase;
			buildActionMask = 2147483647;
			files = (
				630D645F1EE69F5E00E12069 /* LaunchScreen.storyboard in Resources */,
				630D64601EE69F5E00E12069 /* Assets.xcassets in Resources */,
				630D64611EE69F5E00E12069 /* Main.storyboard in Resources */,
			);
			runOnlyForDeploymentPostprocessing = 0;
		};
		630D64701EE69F7300E12069 /* Resources */ = {
			isa = PBXResourcesBuildPhase;
			buildActionMask = 2147483647;
			files = (
				630D64721EE69F7300E12069 /* LaunchScreen.storyboard in Resources */,
				630D64731EE69F7300E12069 /* Assets.xcassets in Resources */,
				630D64741EE69F7300E12069 /* Main.storyboard in Resources */,
			);
			runOnlyForDeploymentPostprocessing = 0;
		};
/* End PBXResourcesBuildPhase section */

/* Begin PBXShellScriptBuildPhase section */
		630D64571EE69F5E00E12069 /* [CP] Check Pods Manifest.lock */ = {
			isa = PBXShellScriptBuildPhase;
			buildActionMask = 2147483647;
			files = (
			);
			inputPaths = (
			);
			name = "[CP] Check Pods Manifest.lock";
			outputPaths = (
			);
			runOnlyForDeploymentPostprocessing = 0;
			shellPath = /bin/sh;
			shellScript = "diff \"${PODS_PODFILE_DIR_PATH}/Podfile.lock\" \"${PODS_ROOT}/Manifest.lock\" > /dev/null\nif [ $? != 0 ] ; then\n    # print error to STDERR\n    echo \"error: The sandbox is not in sync with the Podfile.lock. Run 'pod install' or update your CocoaPods installation.\" >&2\n    exit 1\nfi\n";
			showEnvVarsInLog = 0;
		};
		630D64621EE69F5E00E12069 /* [CP] Embed Pods Frameworks */ = {
			isa = PBXShellScriptBuildPhase;
			buildActionMask = 2147483647;
			files = (
			);
			inputPaths = (
			);
			name = "[CP] Embed Pods Frameworks";
			outputPaths = (
			);
			runOnlyForDeploymentPostprocessing = 0;
			shellPath = /bin/sh;
			shellScript = "\"${SRCROOT}/Pods/Target Support Files/Pods-FastlaneDemoTest/Pods-FastlaneDemoTest-frameworks.sh\"\n";
			showEnvVarsInLog = 0;
		};
		630D64631EE69F5E00E12069 /* [CP] Copy Pods Resources */ = {
			isa = PBXShellScriptBuildPhase;
			buildActionMask = 2147483647;
			files = (
			);
			inputPaths = (
			);
			name = "[CP] Copy Pods Resources";
			outputPaths = (
			);
			runOnlyForDeploymentPostprocessing = 0;
			shellPath = /bin/sh;
			shellScript = "\"${SRCROOT}/Pods/Target Support Files/Pods-FastlaneDemoTest/Pods-FastlaneDemoTest-resources.sh\"\n";
			showEnvVarsInLog = 0;
		};
		630D646A1EE69F7300E12069 /* [CP] Check Pods Manifest.lock */ = {
			isa = PBXShellScriptBuildPhase;
			buildActionMask = 2147483647;
			files = (
			);
			inputPaths = (
			);
			name = "[CP] Check Pods Manifest.lock";
			outputPaths = (
			);
			runOnlyForDeploymentPostprocessing = 0;
			shellPath = /bin/sh;
			shellScript = "diff \"${PODS_PODFILE_DIR_PATH}/Podfile.lock\" \"${PODS_ROOT}/Manifest.lock\" > /dev/null\nif [ $? != 0 ] ; then\n    # print error to STDERR\n    echo \"error: The sandbox is not in sync with the Podfile.lock. Run 'pod install' or update your CocoaPods installation.\" >&2\n    exit 1\nfi\n";
			showEnvVarsInLog = 0;
		};
		630D64751EE69F7300E12069 /* [CP] Embed Pods Frameworks */ = {
			isa = PBXShellScriptBuildPhase;
			buildActionMask = 2147483647;
			files = (
			);
			inputPaths = (
			);
			name = "[CP] Embed Pods Frameworks";
			outputPaths = (
			);
			runOnlyForDeploymentPostprocessing = 0;
			shellPath = /bin/sh;
			shellScript = "\"${SRCROOT}/Pods/Target Support Files/Pods-FastlaneDemoAppstore/Pods-FastlaneDemoAppstore-frameworks.sh\"\n";
			showEnvVarsInLog = 0;
		};
		630D64761EE69F7300E12069 /* [CP] Copy Pods Resources */ = {
			isa = PBXShellScriptBuildPhase;
			buildActionMask = 2147483647;
			files = (
			);
			inputPaths = (
			);
			name = "[CP] Copy Pods Resources";
			outputPaths = (
			);
			runOnlyForDeploymentPostprocessing = 0;
			shellPath = /bin/sh;
			shellScript = "\"${SRCROOT}/Pods/Target Support Files/Pods-FastlaneDemoAppstore/Pods-FastlaneDemoAppstore-resources.sh\"\n";
			showEnvVarsInLog = 0;
		};
/* End PBXShellScriptBuildPhase section */

/* Begin PBXSourcesBuildPhase section */
		630D64581EE69F5E00E12069 /* Sources */ = {
			isa = PBXSourcesBuildPhase;
			buildActionMask = 2147483647;
			files = (
				630D64591EE69F5E00E12069 /* MainViewController.swift in Sources */,
				630D645A1EE69F5E00E12069 /* AppDelegate.swift in Sources */,
			);
			runOnlyForDeploymentPostprocessing = 0;
		};
		630D646B1EE69F7300E12069 /* Sources */ = {
			isa = PBXSourcesBuildPhase;
			buildActionMask = 2147483647;
			files = (
				630D646C1EE69F7300E12069 /* MainViewController.swift in Sources */,
				630D646D1EE69F7300E12069 /* AppDelegate.swift in Sources */,
			);
			runOnlyForDeploymentPostprocessing = 0;
		};
/* End PBXSourcesBuildPhase section */

/* Begin PBXVariantGroup section */
		630D64431EE69B7D00E12069 /* Main.storyboard */ = {
			isa = PBXVariantGroup;
			children = (
				630D64441EE69B7D00E12069 /* Base */,
			);
			name = Main.storyboard;
			sourceTree = "<group>";
		};
		630D64481EE69B7D00E12069 /* LaunchScreen.storyboard */ = {
			isa = PBXVariantGroup;
			children = (
				630D64491EE69B7D00E12069 /* Base */,
			);
			name = LaunchScreen.storyboard;
			sourceTree = "<group>";
		};
/* End PBXVariantGroup section */

/* Begin XCBuildConfiguration section */
		630D644C1EE69B7D00E12069 /* Debug */ = {
			isa = XCBuildConfiguration;
			buildSettings = {
				ALWAYS_SEARCH_USER_PATHS = NO;
				CLANG_ANALYZER_NONNULL = YES;
				CLANG_ANALYZER_NUMBER_OBJECT_CONVERSION = YES_AGGRESSIVE;
				CLANG_CXX_LANGUAGE_STANDARD = "gnu++0x";
				CLANG_CXX_LIBRARY = "libc++";
				CLANG_ENABLE_MODULES = YES;
				CLANG_ENABLE_OBJC_ARC = YES;
				CLANG_WARN_BOOL_CONVERSION = YES;
				CLANG_WARN_CONSTANT_CONVERSION = YES;
				CLANG_WARN_DIRECT_OBJC_ISA_USAGE = YES_ERROR;
				CLANG_WARN_DOCUMENTATION_COMMENTS = YES;
				CLANG_WARN_EMPTY_BODY = YES;
				CLANG_WARN_ENUM_CONVERSION = YES;
				CLANG_WARN_INFINITE_RECURSION = YES;
				CLANG_WARN_INT_CONVERSION = YES;
				CLANG_WARN_OBJC_ROOT_CLASS = YES_ERROR;
				CLANG_WARN_SUSPICIOUS_MOVE = YES;
				CLANG_WARN_UNREACHABLE_CODE = YES;
				CLANG_WARN__DUPLICATE_METHOD_MATCH = YES;
				"CODE_SIGN_IDENTITY[sdk=iphoneos*]" = "iPhone Developer";
				COPY_PHASE_STRIP = NO;
				DEBUG_INFORMATION_FORMAT = dwarf;
				ENABLE_STRICT_OBJC_MSGSEND = YES;
				ENABLE_TESTABILITY = YES;
				GCC_C_LANGUAGE_STANDARD = gnu99;
				GCC_DYNAMIC_NO_PIC = NO;
				GCC_NO_COMMON_BLOCKS = YES;
				GCC_OPTIMIZATION_LEVEL = 0;
				GCC_PREPROCESSOR_DEFINITIONS = (
					"DEBUG=1",
					"$(inherited)",
				);
				GCC_WARN_64_TO_32_BIT_CONVERSION = YES;
				GCC_WARN_ABOUT_RETURN_TYPE = YES_ERROR;
				GCC_WARN_UNDECLARED_SELECTOR = YES;
				GCC_WARN_UNINITIALIZED_AUTOS = YES_AGGRESSIVE;
				GCC_WARN_UNUSED_FUNCTION = YES;
				GCC_WARN_UNUSED_VARIABLE = YES;
				IPHONEOS_DEPLOYMENT_TARGET = 10.3;
				MTL_ENABLE_DEBUG_INFO = YES;
				ONLY_ACTIVE_ARCH = YES;
				SDKROOT = iphoneos;
				SWIFT_ACTIVE_COMPILATION_CONDITIONS = DEBUG;
				SWIFT_OPTIMIZATION_LEVEL = "-Onone";
			};
			name = Debug;
		};
		630D644D1EE69B7D00E12069 /* Release */ = {
			isa = XCBuildConfiguration;
			buildSettings = {
				ALWAYS_SEARCH_USER_PATHS = NO;
				CLANG_ANALYZER_NONNULL = YES;
				CLANG_ANALYZER_NUMBER_OBJECT_CONVERSION = YES_AGGRESSIVE;
				CLANG_CXX_LANGUAGE_STANDARD = "gnu++0x";
				CLANG_CXX_LIBRARY = "libc++";
				CLANG_ENABLE_MODULES = YES;
				CLANG_ENABLE_OBJC_ARC = YES;
				CLANG_WARN_BOOL_CONVERSION = YES;
				CLANG_WARN_CONSTANT_CONVERSION = YES;
				CLANG_WARN_DIRECT_OBJC_ISA_USAGE = YES_ERROR;
				CLANG_WARN_DOCUMENTATION_COMMENTS = YES;
				CLANG_WARN_EMPTY_BODY = YES;
				CLANG_WARN_ENUM_CONVERSION = YES;
				CLANG_WARN_INFINITE_RECURSION = YES;
				CLANG_WARN_INT_CONVERSION = YES;
				CLANG_WARN_OBJC_ROOT_CLASS = YES_ERROR;
				CLANG_WARN_SUSPICIOUS_MOVE = YES;
				CLANG_WARN_UNREACHABLE_CODE = YES;
				CLANG_WARN__DUPLICATE_METHOD_MATCH = YES;
				"CODE_SIGN_IDENTITY[sdk=iphoneos*]" = "iPhone Developer";
				COPY_PHASE_STRIP = NO;
				DEBUG_INFORMATION_FORMAT = "dwarf-with-dsym";
				ENABLE_NS_ASSERTIONS = NO;
				ENABLE_STRICT_OBJC_MSGSEND = YES;
				GCC_C_LANGUAGE_STANDARD = gnu99;
				GCC_NO_COMMON_BLOCKS = YES;
				GCC_WARN_64_TO_32_BIT_CONVERSION = YES;
				GCC_WARN_ABOUT_RETURN_TYPE = YES_ERROR;
				GCC_WARN_UNDECLARED_SELECTOR = YES;
				GCC_WARN_UNINITIALIZED_AUTOS = YES_AGGRESSIVE;
				GCC_WARN_UNUSED_FUNCTION = YES;
				GCC_WARN_UNUSED_VARIABLE = YES;
				IPHONEOS_DEPLOYMENT_TARGET = 10.3;
				MTL_ENABLE_DEBUG_INFO = NO;
				SDKROOT = iphoneos;
				SWIFT_OPTIMIZATION_LEVEL = "-Owholemodule";
				VALIDATE_PRODUCT = YES;
			};
			name = Release;
		};
		630D64651EE69F5E00E12069 /* Debug */ = {
			isa = XCBuildConfiguration;
			baseConfigurationReference = F07F16594DA770B6961B7C5B /* Pods-FastlaneDemoTest.debug.xcconfig */;
			buildSettings = {
				ASSETCATALOG_COMPILER_APPICON_NAME = AppIcon;
				CODE_SIGN_IDENTITY = "iPhone Developer";
				"CODE_SIGN_IDENTITY[sdk=iphoneos*]" = "iPhone Developer";
				DEVELOPMENT_TEAM = 56A4HH9WHM;
				INFOPLIST_FILE = "fastlaneDemo/Config/FastlaneDemoTest-Info.plist";
				IPHONEOS_DEPLOYMENT_TARGET = 8.0;
				LD_RUNPATH_SEARCH_PATHS = "$(inherited) @executable_path/Frameworks";
				PRODUCT_BUNDLE_IDENTIFIER = com.rogrand.enterprise.myclinic;
				PRODUCT_NAME = "$(TARGET_NAME)";
				PROVISIONING_PROFILE_SPECIFIER = "";
				SWIFT_VERSION = 3.0;
			};
			name = Debug;
		};
		630D64661EE69F5E00E12069 /* Release */ = {
			isa = XCBuildConfiguration;
			baseConfigurationReference = 9A0B5FBE16C517CDEFFF1488 /* Pods-FastlaneDemoTest.release.xcconfig */;
			buildSettings = {
				ASSETCATALOG_COMPILER_APPICON_NAME = AppIcon;
				CODE_SIGN_IDENTITY = "iPhone Distribution";
				"CODE_SIGN_IDENTITY[sdk=iphoneos*]" = "iPhone Distribution";
				DEVELOPMENT_TEAM = 56A4HH9WHM;
				INFOPLIST_FILE = "fastlaneDemo/Config/FastlaneDemoTest-Info.plist";
				IPHONEOS_DEPLOYMENT_TARGET = 8.0;
				LD_RUNPATH_SEARCH_PATHS = "$(inherited) @executable_path/Frameworks";
				PRODUCT_BUNDLE_IDENTIFIER = com.rogrand.enterprise.myclinic;
				PRODUCT_NAME = "$(TARGET_NAME)";
				PROVISIONING_PROFILE_SPECIFIER = "";
				SWIFT_VERSION = 3.0;
			};
			name = Release;
		};
		630D64781EE69F7300E12069 /* Debug */ = {
			isa = XCBuildConfiguration;
			baseConfigurationReference = D126F02221C573C9249A1C32 /* Pods-FastlaneDemoAppstore.debug.xcconfig */;
			buildSettings = {
				ASSETCATALOG_COMPILER_APPICON_NAME = AppIcon;
				CODE_SIGN_IDENTITY = "iPhone Developer";
				"CODE_SIGN_IDENTITY[sdk=iphoneos*]" = "iPhone Developer";
				DEVELOPMENT_TEAM = 56A4HH9WHM;
				INFOPLIST_FILE = "fastlaneDemo/Config/FastlaneDemoAppstore-Info.plist";
				IPHONEOS_DEPLOYMENT_TARGET = 8.0;
				LD_RUNPATH_SEARCH_PATHS = "$(inherited) @executable_path/Frameworks";
				PRODUCT_BUNDLE_IDENTIFIER = com.rogrand.enterprise.myclinic;
				PRODUCT_NAME = "$(TARGET_NAME)";
				PROVISIONING_PROFILE_SPECIFIER = "";
				SWIFT_VERSION = 3.0;
			};
			name = Debug;
		};
		630D64791EE69F7300E12069 /* Release */ = {
			isa = XCBuildConfiguration;
			baseConfigurationReference = 4747C07232F0C9CF8CEAD5FD /* Pods-FastlaneDemoAppstore.release.xcconfig */;
			buildSettings = {
				ASSETCATALOG_COMPILER_APPICON_NAME = AppIcon;
				CODE_SIGN_IDENTITY = "iPhone Distribution";
				"CODE_SIGN_IDENTITY[sdk=iphoneos*]" = "iPhone Distribution";
				DEVELOPMENT_TEAM = 56A4HH9WHM;
				INFOPLIST_FILE = "fastlaneDemo/Config/FastlaneDemoAppstore-Info.plist";
				IPHONEOS_DEPLOYMENT_TARGET = 8.0;
				LD_RUNPATH_SEARCH_PATHS = "$(inherited) @executable_path/Frameworks";
				PRODUCT_BUNDLE_IDENTIFIER = com.rogrand.enterprise.myclinic;
				PRODUCT_NAME = "$(TARGET_NAME)";
				PROVISIONING_PROFILE_SPECIFIER = "";
				SWIFT_VERSION = 3.0;
			};
			name = Release;
		};
/* End XCBuildConfiguration section */

/* Begin XCConfigurationList section */
		630D64371EE69B7D00E12069 /* Build configuration list for PBXProject "fastlaneDemo" */ = {
			isa = XCConfigurationList;
			buildConfigurations = (
				630D644C1EE69B7D00E12069 /* Debug */,
				630D644D1EE69B7D00E12069 /* Release */,
			);
			defaultConfigurationIsVisible = 0;
			defaultConfigurationName = Release;
		};
		630D64641EE69F5E00E12069 /* Build configuration list for PBXNativeTarget "FastlaneDemoTest" */ = {
			isa = XCConfigurationList;
			buildConfigurations = (
				630D64651EE69F5E00E12069 /* Debug */,
				630D64661EE69F5E00E12069 /* Release */,
			);
			defaultConfigurationIsVisible = 0;
			defaultConfigurationName = Release;
		};
		630D64771EE69F7300E12069 /* Build configuration list for PBXNativeTarget "FastlaneDemoAppstore" */ = {
			isa = XCConfigurationList;
			buildConfigurations = (
				630D64781EE69F7300E12069 /* Debug */,
				630D64791EE69F7300E12069 /* Release */,
			);
			defaultConfigurationIsVisible = 0;
			defaultConfigurationName = Release;
		};
/* End XCConfigurationList section */
	};
	rootObject = 630D64341EE69B7D00E12069 /* Project object */;
}
